
Microsoft Visual Studio Solution File, Format Version 12.00
# Visual Studio Version 17
VisualStudioVersion = 17.4.33122.133
MinimumVisualStudioVersion = 10.0.40219.1
Project("{FAE04EC0-301F-11D3-BF4B-00C04F79EFBC}") = "Dictionary_SortedDictionary", "Dictionary_SortedDictionary.csproj", "{C4A40250-A7A0-4743-9D56-B004030CDCB7}"
EndProject
Global
	GlobalSection(SolutionConfigurationPlatforms) = preSolution
		Debug|Any CPU = Debug|Any CPU
		Release|Any CPU = Release|Any CPU
	EndGlobalSection
	GlobalSection(ProjectConfigurationPlatforms) = postSolution
		{C4A40250-A7A0-4743-9D56-B004030CDCB7}.Debug|Any CPU.ActiveCfg = Debug|Any CPU
		{C4A40250-A7A0-4743-9D56-B004030CDCB7}.Debug|Any CPU.Build.0 = Debug|Any CPU
		{C4A40250-A7A0-4743-9D56-B004030CDCB7}.Release|Any CPU.ActiveCfg = Release|Any CPU
		{C4A40250-A7A0-4743-9D56-B004030CDCB7}.Release|Any CPU.Build.0 = Release|Any CPU
	EndGlobalSection
	GlobalSection(SolutionProperties) = preSolution
		HideSolutionNode = FALSE
	EndGlobalSection
	GlobalSection(ExtensibilityGlobals) = postSolution
		SolutionGuid = {EE0A804E-1038-4650-87BD-C2C10DE7FF1F}
	EndGlobalSection
EndGlobal
