
Microsoft Visual Studio Solution File, Format Version 12.00
# Visual Studio Version 17
VisualStudioVersion = 17.4.33122.133
MinimumVisualStudioVersion = 10.0.40219.1
Project("{FAE04EC0-301F-11D3-BF4B-00C04F79EFBC}") = "Course", "Course\Course.csproj", "{365BC75B-5FA4-46E7-A6AB-2DCAA4748780}"
EndProject
Global
	GlobalSection(SolutionConfigurationPlatforms) = preSolution
		Debug|Any CPU = Debug|Any CPU
		Release|Any CPU = Release|Any CPU
	EndGlobalSection
	GlobalSection(ProjectConfigurationPlatforms) = postSolution
		{365BC75B-5FA4-46E7-A6AB-2DCAA4748780}.Debug|Any CPU.ActiveCfg = Debug|Any CPU
		{365BC75B-5FA4-46E7-A6AB-2DCAA4748780}.Debug|Any CPU.Build.0 = Debug|Any CPU
		{365BC75B-5FA4-46E7-A6AB-2DCAA4748780}.Release|Any CPU.ActiveCfg = Release|Any CPU
		{365BC75B-5FA4-46E7-A6AB-2DCAA4748780}.Release|Any CPU.Build.0 = Release|Any CPU
	EndGlobalSection
	GlobalSection(SolutionProperties) = preSolution
		HideSolutionNode = FALSE
	EndGlobalSection
	GlobalSection(ExtensibilityGlobals) = postSolution
		SolutionGuid = {4B79DC58-8201-498C-ADDD-97C455B93D7D}
	EndGlobalSection
EndGlobal
