
Microsoft Visual Studio Solution File, Format Version 12.00
# Visual Studio Version 17
VisualStudioVersion = 17.4.33122.133
MinimumVisualStudioVersion = 10.0.40219.1
Project("{FAE04EC0-301F-11D3-BF4B-00C04F79EFBC}") = "Course", "Course\Course.csproj", "{BA2FCF59-AD31-4C93-9279-23CC236ACEA0}"
EndProject
Global
	GlobalSection(SolutionConfigurationPlatforms) = preSolution
		Debug|Any CPU = Debug|Any CPU
		Release|Any CPU = Release|Any CPU
	EndGlobalSection
	GlobalSection(ProjectConfigurationPlatforms) = postSolution
		{BA2FCF59-AD31-4C93-9279-23CC236ACEA0}.Debug|Any CPU.ActiveCfg = Debug|Any CPU
		{BA2FCF59-AD31-4C93-9279-23CC236ACEA0}.Debug|Any CPU.Build.0 = Debug|Any CPU
		{BA2FCF59-AD31-4C93-9279-23CC236ACEA0}.Release|Any CPU.ActiveCfg = Release|Any CPU
		{BA2FCF59-AD31-4C93-9279-23CC236ACEA0}.Release|Any CPU.Build.0 = Release|Any CPU
	EndGlobalSection
	GlobalSection(SolutionProperties) = preSolution
		HideSolutionNode = FALSE
	EndGlobalSection
	GlobalSection(ExtensibilityGlobals) = postSolution
		SolutionGuid = {DCBAA6E6-D06B-48D6-BF19-D639CF98392A}
	EndGlobalSection
EndGlobal
