
Microsoft Visual Studio Solution File, Format Version 12.00
# Visual Studio Version 17
VisualStudioVersion = 17.4.33122.133
MinimumVisualStudioVersion = 10.0.40219.1
Project("{FAE04EC0-301F-11D3-BF4B-00C04F79EFBC}") = "ExercicioFixacao", "ExercicioFixacao.csproj", "{38FC0C00-262D-4B91-81BF-409E794E288B}"
EndProject
Global
	GlobalSection(SolutionConfigurationPlatforms) = preSolution
		Debug|Any CPU = Debug|Any CPU
		Release|Any CPU = Release|Any CPU
	EndGlobalSection
	GlobalSection(ProjectConfigurationPlatforms) = postSolution
		{38FC0C00-262D-4B91-81BF-409E794E288B}.Debug|Any CPU.ActiveCfg = Debug|Any CPU
		{38FC0C00-262D-4B91-81BF-409E794E288B}.Debug|Any CPU.Build.0 = Debug|Any CPU
		{38FC0C00-262D-4B91-81BF-409E794E288B}.Release|Any CPU.ActiveCfg = Release|Any CPU
		{38FC0C00-262D-4B91-81BF-409E794E288B}.Release|Any CPU.Build.0 = Release|Any CPU
	EndGlobalSection
	GlobalSection(SolutionProperties) = preSolution
		HideSolutionNode = FALSE
	EndGlobalSection
	GlobalSection(ExtensibilityGlobals) = postSolution
		SolutionGuid = {7F30F721-C4C2-440C-8BA9-01FC142DCC23}
	EndGlobalSection
EndGlobal
