
Microsoft Visual Studio Solution File, Format Version 12.00
# Visual Studio Version 16
VisualStudioVersion = 16.0.33328.57
MinimumVisualStudioVersion = 10.0.40219.1
Project("{FAE04EC0-301F-11D3-BF4B-00C04F79EFBC}") = "SalesWebMvc", "SalesWebMvc\SalesWebMvc.csproj", "{1C43993E-5816-4179-AC07-87A0DB3B53EC}"
EndProject
Global
	GlobalSection(SolutionConfigurationPlatforms) = preSolution
		Debug|Any CPU = Debug|Any CPU
		Release|Any CPU = Release|Any CPU
	EndGlobalSection
	GlobalSection(ProjectConfigurationPlatforms) = postSolution
		{1C43993E-5816-4179-AC07-87A0DB3B53EC}.Debug|Any CPU.ActiveCfg = Debug|Any CPU
		{1C43993E-5816-4179-AC07-87A0DB3B53EC}.Debug|Any CPU.Build.0 = Debug|Any CPU
		{1C43993E-5816-4179-AC07-87A0DB3B53EC}.Release|Any CPU.ActiveCfg = Release|Any CPU
		{1C43993E-5816-4179-AC07-87A0DB3B53EC}.Release|Any CPU.Build.0 = Release|Any CPU
	EndGlobalSection
	GlobalSection(SolutionProperties) = preSolution
		HideSolutionNode = FALSE
	EndGlobalSection
	GlobalSection(ExtensibilityGlobals) = postSolution
		SolutionGuid = {A31EAE79-AA65-4870-A350-B0C3A7E1874A}
	EndGlobalSection
EndGlobal
