
Microsoft Visual Studio Solution File, Format Version 12.00
# Visual Studio Version 17
VisualStudioVersion = 17.4.33122.133
MinimumVisualStudioVersion = 10.0.40219.1
Project("{FAE04EC0-301F-11D3-BF4B-00C04F79EFBC}") = "LINQNotacaoSimilarSQL", "LINQNotacaoSimilarSQL.csproj", "{9BB40874-6308-4838-9737-A62F27946A7C}"
EndProject
Global
	GlobalSection(SolutionConfigurationPlatforms) = preSolution
		Debug|Any CPU = Debug|Any CPU
		Release|Any CPU = Release|Any CPU
	EndGlobalSection
	GlobalSection(ProjectConfigurationPlatforms) = postSolution
		{9BB40874-6308-4838-9737-A62F27946A7C}.Debug|Any CPU.ActiveCfg = Debug|Any CPU
		{9BB40874-6308-4838-9737-A62F27946A7C}.Debug|Any CPU.Build.0 = Debug|Any CPU
		{9BB40874-6308-4838-9737-A62F27946A7C}.Release|Any CPU.ActiveCfg = Release|Any CPU
		{9BB40874-6308-4838-9737-A62F27946A7C}.Release|Any CPU.Build.0 = Release|Any CPU
	EndGlobalSection
	GlobalSection(SolutionProperties) = preSolution
		HideSolutionNode = FALSE
	EndGlobalSection
	GlobalSection(ExtensibilityGlobals) = postSolution
		SolutionGuid = {CDF96840-D23F-4E02-8212-E08EEB055B75}
	EndGlobalSection
EndGlobal
