
Microsoft Visual Studio Solution File, Format Version 12.00
# Visual Studio Version 17
VisualStudioVersion = 17.4.33122.133
MinimumVisualStudioVersion = 10.0.40219.1
Project("{FAE04EC0-301F-11D3-BF4B-00C04F79EFBC}") = "Extension_Methods", "Extension_Methods.csproj", "{C18517F8-A701-4777-A202-C0C8847FAF3F}"
EndProject
Global
	GlobalSection(SolutionConfigurationPlatforms) = preSolution
		Debug|Any CPU = Debug|Any CPU
		Release|Any CPU = Release|Any CPU
	EndGlobalSection
	GlobalSection(ProjectConfigurationPlatforms) = postSolution
		{C18517F8-A701-4777-A202-C0C8847FAF3F}.Debug|Any CPU.ActiveCfg = Debug|Any CPU
		{C18517F8-A701-4777-A202-C0C8847FAF3F}.Debug|Any CPU.Build.0 = Debug|Any CPU
		{C18517F8-A701-4777-A202-C0C8847FAF3F}.Release|Any CPU.ActiveCfg = Release|Any CPU
		{C18517F8-A701-4777-A202-C0C8847FAF3F}.Release|Any CPU.Build.0 = Release|Any CPU
	EndGlobalSection
	GlobalSection(SolutionProperties) = preSolution
		HideSolutionNode = FALSE
	EndGlobalSection
	GlobalSection(ExtensibilityGlobals) = postSolution
		SolutionGuid = {8AA4FB94-5026-4844-8361-E99F1F153DAE}
	EndGlobalSection
EndGlobal
